// !$*UTF8*$!
{
	archiveVersion = 1;
	classes = {
	};
	objectVersion = 77;
	objects = {

/* Begin PBXBuildFile section */
		380186272F6F1E22007FCD96 /* MarkdownParser in Frameworks */ = {isa = PBXBuildFile; productRef = 380186262F6F1E22007FCD96 /* MarkdownParser */; };
		380186292F6F1E22007FCD96 /* MarkdownView in Frameworks */ = {isa = PBXBuildFile; productRef = 380186282F6F1E22007FCD96 /* MarkdownView */; };
		384A11FE2F68A9B9005E1919 /* MarkdownParser in Frameworks */ = {isa = PBXBuildFile; productRef = 384A11FD2F68A9B9005E1919 /* MarkdownParser */; };
		384A12002F68A9B9005E1919 /* MarkdownView in Frameworks */ = {isa = PBXBuildFile; productRef = 384A11FF2F68A9B9005E1919 /* MarkdownView */; };
		384A121A2F68D677005E1919 /* MLXAudioCodecs in Frameworks */ = {isa = PBXBuildFile; productRef = 384A12192F68D677005E1919 /* MLXAudioCodecs */; };
		384A121C2F68D677005E1919 /* MLXAudioCore in Frameworks */ = {isa = PBXBuildFile; productRef = 384A121B2F68D677005E1919 /* MLXAudioCore */; };
		384A121E2F68D677005E1919 /* MLXAudioSTT in Frameworks */ = {isa = PBXBuildFile; productRef = 384A121D2F68D677005E1919 /* MLXAudioSTT */; };
		384A12202F68D677005E1919 /* MLXAudioTTS in Frameworks */ = {isa = PBXBuildFile; productRef = 384A121F2F68D677005E1919 /* MLXAudioTTS */; };
		3852C70F2F71110800283682 /* WidgetKit.framework in Frameworks */ = {isa = PBXBuildFile; fileRef = 3852C70E2F71110800283682 /* WidgetKit.framework */; };
		3852C7112F71110800283682 /* SwiftUI.framework in Frameworks */ = {isa = PBXBuildFile; fileRef = 3852C7102F71110800283682 /* SwiftUI.framework */; };
		3852C7222F71110900283682 /* OpenUIWidgetsExtension.appex in Embed Foundation Extensions */ = {isa = PBXBuildFile; fileRef = 3852C70C2F71110800283682 /* OpenUIWidgetsExtension.appex */; settings = {ATTRIBUTES = (RemoveHeadersOnCopy, ); }; };
		3852D4402F7A495A00283682 /* MarkdownParser in Frameworks */ = {isa = PBXBuildFile; productRef = 3852D43F2F7A495A00283682 /* MarkdownParser */; };
		3852D4422F7A495A00283682 /* MarkdownView in Frameworks */ = {isa = PBXBuildFile; productRef = 3852D4412F7A495A00283682 /* MarkdownView */; };
		3852D4452F7A4C6900283682 /* MarkdownParser in Frameworks */ = {isa = PBXBuildFile; productRef = 3852D4442F7A4C6900283682 /* MarkdownParser */; };
		3852D4472F7A4C6900283682 /* MarkdownView in Frameworks */ = {isa = PBXBuildFile; productRef = 3852D4462F7A4C6900283682 /* MarkdownView */; };
		385E9BC42F6FAB4900A57A28 /* MarkdownParser in Frameworks */ = {isa = PBXBuildFile; productRef = 385E9BC32F6FAB4900A57A28 /* MarkdownParser */; };
		385E9BC62F6FAB4900A57A28 /* MarkdownView in Frameworks */ = {isa = PBXBuildFile; productRef = 385E9BC52F6FAB4900A57A28 /* MarkdownView */; };
		3870D18B2F5C0732004FF9ED /* MarkdownParser in Frameworks */ = {isa = PBXBuildFile; productRef = 3870D18A2F5C0732004FF9ED /* MarkdownParser */; };
		3870D18D2F5C0732004FF9ED /* MarkdownView in Frameworks */ = {isa = PBXBuildFile; productRef = 3870D18C2F5C0732004FF9ED /* MarkdownView */; };
		38868C2A2F5A527000FA123F /* MarkdownParser in Frameworks */ = {isa = PBXBuildFile; productRef = 38868C292F5A527000FA123F /* MarkdownParser */; };
		38868C2C2F5A527000FA123F /* MarkdownView in Frameworks */ = {isa = PBXBuildFile; productRef = 38868C2B2F5A527000FA123F /* MarkdownView */; };
		38868C342F5A66F300FA123F /* MarkdownParser in Frameworks */ = {isa = PBXBuildFile; productRef = 38868C332F5A66F300FA123F /* MarkdownParser */; };
		38868C362F5A66F300FA123F /* MarkdownView in Frameworks */ = {isa = PBXBuildFile; productRef = 38868C352F5A66F300FA123F /* MarkdownView */; };
		38AA00012FA9B00000MRMAID /* BeautifulMermaid in Frameworks */ = {isa = PBXBuildFile; productRef = 38AA00002FA9B00000MRMAID /* BeautifulMermaid */; };
		38AA00042FA9B00000SVGDRW /* SwiftDraw in Frameworks */ = {isa = PBXBuildFile; productRef = 38AA00032FA9B00000SVGDRW /* SwiftDraw */; };
		38C0AC0E2F5A12CF0084BC6C /* MarkdownParser in Frameworks */ = {isa = PBXBuildFile; productRef = 38C0AC0D2F5A12CF0084BC6C /* MarkdownParser */; };
		38C0AC102F5A12CF0084BC6C /* MarkdownView in Frameworks */ = {isa = PBXBuildFile; productRef = 38C0AC0F2F5A12CF0084BC6C /* MarkdownView */; };
/* End PBXBuildFile section */

/* Begin PBXContainerItemProxy section */
		3852C7202F71110900283682 /* PBXContainerItemProxy */ = {
			isa = PBXContainerItemProxy;
			containerPortal = 38EB66752F39CE5A00AED774 /* Project object */;
			proxyType = 1;
			remoteGlobalIDString = 3852C70B2F71110800283682;
			remoteInfo = OpenUIWidgetsExtension;
		};
/* End PBXContainerItemProxy section */

/* Begin PBXCopyFilesBuildPhase section */
		38A141942F4B9A1A00697C6F /* Embed Foundation Extensions */ = {
			isa = PBXCopyFilesBuildPhase;
			buildActionMask = 2147483647;
			dstPath = "";
			dstSubfolderSpec = 13;
			files = (
				3852C7222F71110900283682 /* OpenUIWidgetsExtension.appex in Embed Foundation Extensions */,
			);
			name = "Embed Foundation Extensions";
			runOnlyForDeploymentPostprocessing = 0;
		};
/* End PBXCopyFilesBuildPhase section */

/* Begin PBXFileReference section */
		3852C70C2F71110800283682 /* OpenUIWidgetsExtension.appex */ = {isa = PBXFileReference; explicitFileType = "wrapper.app-extension"; includeInIndex = 0; path = OpenUIWidgetsExtension.appex; sourceTree = BUILT_PRODUCTS_DIR; };
		3852C70E2F71110800283682 /* WidgetKit.framework */ = {isa = PBXFileReference; lastKnownFileType = wrapper.framework; name = WidgetKit.framework; path = System/Library/Frameworks/WidgetKit.framework; sourceTree = SDKROOT; };
		3852C7102F71110800283682 /* SwiftUI.framework */ = {isa = PBXFileReference; lastKnownFileType = wrapper.framework; name = SwiftUI.framework; path = System/Library/Frameworks/SwiftUI.framework; sourceTree = SDKROOT; };
		38EB667D2F39CE5A00AED774 /* Open UI.app */ = {isa = PBXFileReference; explicitFileType = wrapper.application; includeInIndex = 0; path = "Open UI.app"; sourceTree = BUILT_PRODUCTS_DIR; };
		EE593BD72F7ED3C100589ECA /* Open UI.xcodeproj */ = {isa = PBXFileReference; lastKnownFileType = "wrapper.pb-project"; path = "Open UI.xcodeproj"; sourceTree = "<group>"; };
		EE593BED2F7ED3C100589ECA /* Open UI.xcodeproj */ = {isa = PBXFileReference; lastKnownFileType = "wrapper.pb-project"; path = "Open UI.xcodeproj"; sourceTree = "<group>"; };
		EE593C042F7ED3C100589ECA /* Open UI.xcodeproj */ = {isa = PBXFileReference; lastKnownFileType = "wrapper.pb-project"; path = "Open UI.xcodeproj"; sourceTree = "<group>"; };
		EE593C1A2F7ED3C100589ECA /* Open UI.xcodeproj */ = {isa = PBXFileReference; lastKnownFileType = "wrapper.pb-project"; path = "Open UI.xcodeproj"; sourceTree = "<group>"; };
		EE593C312F7ED3C100589ECA /* Open UI.xcodeproj */ = {isa = PBXFileReference; lastKnownFileType = "wrapper.pb-project"; path = "Open UI.xcodeproj"; sourceTree = "<group>"; };
		EE593C472F7ED3C100589ECA /* Open UI.xcodeproj */ = {isa = PBXFileReference; lastKnownFileType = "wrapper.pb-project"; path = "Open UI.xcodeproj"; sourceTree = "<group>"; };
/* End PBXFileReference section */

/* Begin PBXFileSystemSynchronizedBuildFileExceptionSet section */
		3852C7232F71110900283682 /* Exceptions for "OpenUIWidgets" folder in "OpenUIWidgetsExtension" target */ = {
			isa = PBXFileSystemSynchronizedBuildFileExceptionSet;
			membershipExceptions = (
				Info.plist,
			);
			target = 3852C70B2F71110800283682 /* OpenUIWidgetsExtension */;
		};
		38EB66802F39CE5B00AED774 /* Exceptions for "Open UI" folder in "Open UI" target */ = {
			isa = PBXFileSystemSynchronizedBuildFileExceptionSet;
			membershipExceptions = (
				BrandOverride,
				Info.plist,
			);
			target = 38EB667C2F39CE5A00AED774 /* Open UI */;
		};
/* End PBXFileSystemSynchronizedBuildFileExceptionSet section */

/* Begin PBXFileSystemSynchronizedRootGroup section */
		3852C7122F71110800283682 /* OpenUIWidgets */ = {
			isa = PBXFileSystemSynchronizedRootGroup;
			exceptions = (
				3852C7232F71110900283682 /* Exceptions for "OpenUIWidgets" folder in "OpenUIWidgetsExtension" target */,
			);
			path = OpenUIWidgets;
			sourceTree = "<group>";
		};
		38EB667F2F39CE5A00AED774 /* Open UI */ = {
			isa = PBXFileSystemSynchronizedRootGroup;
			exceptions = (
				38EB66802F39CE5B00AED774 /* Exceptions for "Open UI" folder in "Open UI" target */,
			);
			path = "Open UI";
			sourceTree = "<group>";
		};
/* End PBXFileSystemSynchronizedRootGroup section */

/* Begin PBXFrameworksBuildPhase section */
		3852C7092F71110800283682 /* Frameworks */ = {
			isa = PBXFrameworksBuildPhase;
			buildActionMask = 2147483647;
			files = (
				3852C7112F71110800283682 /* SwiftUI.framework in Frameworks */,
				3852C70F2F71110800283682 /* WidgetKit.framework in Frameworks */,
			);
			runOnlyForDeploymentPostprocessing = 0;
		};
		38EB667A2F39CE5A00AED774 /* Frameworks */ = {
			isa = PBXFrameworksBuildPhase;
			buildActionMask = 2147483647;
			files = (
				384A121E2F68D677005E1919 /* MLXAudioSTT in Frameworks */,
				384A12202F68D677005E1919 /* MLXAudioTTS in Frameworks */,
				3852D4472F7A4C6900283682 /* MarkdownView in Frameworks */,
				38868C2A2F5A527000FA123F /* MarkdownParser in Frameworks */,
				385E9BC42F6FAB4900A57A28 /* MarkdownParser in Frameworks */,
				3870D18D2F5C0732004FF9ED /* MarkdownView in Frameworks */,
				38C0AC0E2F5A12CF0084BC6C /* MarkdownParser in Frameworks */,
				38868C2C2F5A527000FA123F /* MarkdownView in Frameworks */,
				3852D4452F7A4C6900283682 /* MarkdownParser in Frameworks */,
				3870D18B2F5C0732004FF9ED /* MarkdownParser in Frameworks */,
				384A121A2F68D677005E1919 /* MLXAudioCodecs in Frameworks */,
				38868C362F5A66F300FA123F /* MarkdownView in Frameworks */,
				384A121C2F68D677005E1919 /* MLXAudioCore in Frameworks */,
				38868C342F5A66F300FA123F /* MarkdownParser in Frameworks */,
				3852D4422F7A495A00283682 /* MarkdownView in Frameworks */,
				3852D4402F7A495A00283682 /* MarkdownParser in Frameworks */,
				38C0AC102F5A12CF0084BC6C /* MarkdownView in Frameworks */,
				38AA00012FA9B00000MRMAID /* BeautifulMermaid in Frameworks */,
				385E9BC62F6FAB4900A57A28 /* MarkdownView in Frameworks */,
				384A11FE2F68A9B9005E1919 /* MarkdownParser in Frameworks */,
				380186292F6F1E22007FCD96 /* MarkdownView in Frameworks */,
				38AA00042FA9B00000SVGDRW /* SwiftDraw in Frameworks */,
				380186272F6F1E22007FCD96 /* MarkdownParser in Frameworks */,
				384A12002F68A9B9005E1919 /* MarkdownView in Frameworks */,
			);
			runOnlyForDeploymentPostprocessing = 0;
		};
/* End PBXFrameworksBuildPhase section */

/* Begin PBXGroup section */
		3852C70D2F71110800283682 /* Frameworks */ = {
			isa = PBXGroup;
			children = (
				3852C70E2F71110800283682 /* WidgetKit.framework */,
				3852C7102F71110800283682 /* SwiftUI.framework */,
			);
			name = Frameworks;
			sourceTree = "<group>";
		};
		38EB66742F39CE5A00AED774 = {
			isa = PBXGroup;
			children = (
				38EB667F2F39CE5A00AED774 /* Open UI */,
				3852C7122F71110800283682 /* OpenUIWidgets */,
				3852C70D2F71110800283682 /* Frameworks */,
				38EB667E2F39CE5A00AED774 /* Products */,
			);
			sourceTree = "<group>";
		};
		38EB667E2F39CE5A00AED774 /* Products */ = {
			isa = PBXGroup;
			children = (
				38EB667D2F39CE5A00AED774 /* Open UI.app */,
				3852C70C2F71110800283682 /* OpenUIWidgetsExtension.appex */,
			);
			name = Products;
			sourceTree = "<group>";
		};
		EE593D332F7ED3C100589ECA /* Products */ = {
			isa = PBXGroup;
			children = (
			);
			name = Products;
			sourceTree = "<group>";
		};
		EE593D352F7ED3C100589ECA /* Products */ = {
			isa = PBXGroup;
			children = (
			);
			name = Products;
			sourceTree = "<group>";
		};
		EE593D372F7ED3C100589ECA /* Products */ = {
			isa = PBXGroup;
			children = (
			);
			name = Products;
			sourceTree = "<group>";
		};
		EE593D392F7ED3C100589ECA /* Products */ = {
			isa = PBXGroup;
			children = (
			);
			name = Products;
			sourceTree = "<group>";
		};
		EE593D3B2F7ED3C100589ECA /* Products */ = {
			isa = PBXGroup;
			children = (
			);
			name = Products;
			sourceTree = "<group>";
		};
		EE593D3D2F7ED3C100589ECA /* Products */ = {
			isa = PBXGroup;
			children = (
			);
			name = Products;
			sourceTree = "<group>";
		};
/* End PBXGroup section */

/* Begin PBXNativeTarget section */
		3852C70B2F71110800283682 /* OpenUIWidgetsExtension */ = {
			isa = PBXNativeTarget;
			buildConfigurationList = 3852C7242F71110900283682 /* Build configuration list for PBXNativeTarget "OpenUIWidgetsExtension" */;
			buildPhases = (
				3852C7082F71110800283682 /* Sources */,
				3852C7092F71110800283682 /* Frameworks */,
				3852C70A2F71110800283682 /* Resources */,
			);
			buildRules = (
			);
			dependencies = (
			);
			fileSystemSynchronizedGroups = (
				3852C7122F71110800283682 /* OpenUIWidgets */,
			);
			name = OpenUIWidgetsExtension;
			packageProductDependencies = (
			);
			productName = OpenUIWidgetsExtension;
			productReference = 3852C70C2F71110800283682 /* OpenUIWidgetsExtension.appex */;
			productType = "com.apple.product-type.app-extension";
		};
		38EB667C2F39CE5A00AED774 /* Open UI */ = {
			isa = PBXNativeTarget;
			buildConfigurationList = 38EB668D2F39CE5C00AED774 /* Build configuration list for PBXNativeTarget "Open UI" */;
			buildPhases = (
				38EB66792F39CE5A00AED774 /* Sources */,
				38EB667A2F39CE5A00AED774 /* Frameworks */,
				38EB667B2F39CE5A00AED774 /* Resources */,
				38A141942F4B9A1A00697C6F /* Embed Foundation Extensions */,
			);
			buildRules = (
			);
			dependencies = (
				3852C7212F71110900283682 /* PBXTargetDependency */,
			);
			fileSystemSynchronizedGroups = (
				38EB667F2F39CE5A00AED774 /* Open UI */,
			);
			name = "Open UI";
			packageProductDependencies = (
				38C0AC0D2F5A12CF0084BC6C /* MarkdownParser */,
				38C0AC0F2F5A12CF0084BC6C /* MarkdownView */,
				38868C292F5A527000FA123F /* MarkdownParser */,
				38868C2B2F5A527000FA123F /* MarkdownView */,
				38868C332F5A66F300FA123F /* MarkdownParser */,
				38868C352F5A66F300FA123F /* MarkdownView */,
				38AA00002FA9B00000MRMAID /* BeautifulMermaid */,
				3870D18A2F5C0732004FF9ED /* MarkdownParser */,
				3870D18C2F5C0732004FF9ED /* MarkdownView */,
				38AA00032FA9B00000SVGDRW /* SwiftDraw */,
				384A11FD2F68A9B9005E1919 /* MarkdownParser */,
				384A11FF2F68A9B9005E1919 /* MarkdownView */,
				384A12192F68D677005E1919 /* MLXAudioCodecs */,
				384A121B2F68D677005E1919 /* MLXAudioCore */,
				384A121D2F68D677005E1919 /* MLXAudioSTT */,
				384A121F2F68D677005E1919 /* MLXAudioTTS */,
				380186262F6F1E22007FCD96 /* MarkdownParser */,
				380186282F6F1E22007FCD96 /* MarkdownView */,
				385E9BC32F6FAB4900A57A28 /* MarkdownParser */,
				385E9BC52F6FAB4900A57A28 /* MarkdownView */,
				3852D43F2F7A495A00283682 /* MarkdownParser */,
				3852D4412F7A495A00283682 /* MarkdownView */,
				3852D4442F7A4C6900283682 /* MarkdownParser */,
				3852D4462F7A4C6900283682 /* MarkdownView */,
			);
			productName = "Open UI";
			productReference = 38EB667D2F39CE5A00AED774 /* Open UI.app */;
			productType = "com.apple.product-type.application";
		};
/* End PBXNativeTarget section */

/* Begin PBXProject section */
		38EB66752F39CE5A00AED774 /* Project object */ = {
			isa = PBXProject;
			attributes = {
				BuildIndependentTargetsInParallel = 1;
				LastSwiftUpdateCheck = 2630;
				LastUpgradeCheck = 2620;
				TargetAttributes = {
					3852C70B2F71110800283682 = {
						CreatedOnToolsVersion = 26.3;
					};
					38EB667C2F39CE5A00AED774 = {
						CreatedOnToolsVersion = 26.2;
					};
				};
			};
			buildConfigurationList = 38EB66782F39CE5A00AED774 /* Build configuration list for PBXProject "Open UI" */;
			developmentRegion = en;
			hasScannedForEncodings = 0;
			knownRegions = (
				en,
				es,
				Base,
				de,
				ko,
				hi,
			);
			mainGroup = 38EB66742F39CE5A00AED774;
			minimizedProjectReferenceProxies = 1;
			packageReferences = (
				38AA00022FA9B00000MRMAID /* XCRemoteSwiftPackageReference "beautiful-mermaid-swift" */,
				38AA00052FA9B00000SVGDRW /* XCRemoteSwiftPackageReference "SwiftDraw" */,
				384A12182F68D677005E1919 /* XCRemoteSwiftPackageReference "mlx-audio-swift" */,
				3852D4432F7A4C6800283682 /* XCRemoteSwiftPackageReference "MarkdownView" */,
			);
			preferredProjectObjectVersion = 77;
			productRefGroup = 38EB667E2F39CE5A00AED774 /* Products */;
			projectDirPath = "";
			projectReferences = (
				{
					ProductGroup = EE593D332F7ED3C100589ECA /* Products */;
					ProjectRef = EE593C1A2F7ED3C100589ECA /* Open UI.xcodeproj */;
				},
				{
					ProductGroup = EE593D392F7ED3C100589ECA /* Products */;
					ProjectRef = EE593C042F7ED3C100589ECA /* Open UI.xcodeproj */;
				},
				{
					ProductGroup = EE593D3D2F7ED3C100589ECA /* Products */;
					ProjectRef = EE593C312F7ED3C100589ECA /* Open UI.xcodeproj */;
				},
				{
					ProductGroup = EE593D372F7ED3C100589ECA /* Products */;
					ProjectRef = EE593BD72F7ED3C100589ECA /* Open UI.xcodeproj */;
				},
				{
					ProductGroup = EE593D352F7ED3C100589ECA /* Products */;
					ProjectRef = EE593C472F7ED3C100589ECA /* Open UI.xcodeproj */;
				},
				{
					ProductGroup = EE593D3B2F7ED3C100589ECA /* Products */;
					ProjectRef = EE593BED2F7ED3C100589ECA /* Open UI.xcodeproj */;
				},
			);
			projectRoot = "";
			targets = (
				38EB667C2F39CE5A00AED774 /* Open UI */,
				3852C70B2F71110800283682 /* OpenUIWidgetsExtension */,
			);
		};
/* End PBXProject section */

/* Begin PBXResourcesBuildPhase section */
		3852C70A2F71110800283682 /* Resources */ = {
			isa = PBXResourcesBuildPhase;
			buildActionMask = 2147483647;
			files = (
			);
			runOnlyForDeploymentPostprocessing = 0;
		};
		38EB667B2F39CE5A00AED774 /* Resources */ = {
			isa = PBXResourcesBuildPhase;
			buildActionMask = 2147483647;
			files = (
			);
			runOnlyForDeploymentPostprocessing = 0;
		};
/* End PBXResourcesBuildPhase section */

/* Begin PBXSourcesBuildPhase section */
		3852C7082F71110800283682 /* Sources */ = {
			isa = PBXSourcesBuildPhase;
			buildActionMask = 2147483647;
			files = (
			);
			runOnlyForDeploymentPostprocessing = 0;
		};
		38EB66792F39CE5A00AED774 /* Sources */ = {
			isa = PBXSourcesBuildPhase;
			buildActionMask = 2147483647;
			files = (
			);
			runOnlyForDeploymentPostprocessing = 0;
		};
/* End PBXSourcesBuildPhase section */

/* Begin PBXTargetDependency section */
		3852C7212F71110900283682 /* PBXTargetDependency */ = {
			isa = PBXTargetDependency;
			target = 3852C70B2F71110800283682 /* OpenUIWidgetsExtension */;
			targetProxy = 3852C7202F71110900283682 /* PBXContainerItemProxy */;
		};
/* End PBXTargetDependency section */

/* Begin XCBuildConfiguration section */
		3852C7252F71110900283682 /* Debug */ = {
			isa = XCBuildConfiguration;
			buildSettings = {
				ASSETCATALOG_COMPILER_GLOBAL_ACCENT_COLOR_NAME = AccentColor;
				ASSETCATALOG_COMPILER_WIDGET_BACKGROUND_COLOR_NAME = WidgetBackground;
				CODE_SIGN_ENTITLEMENTS = OpenUIWidgets/OpenUIWidgets.entitlements;
				CODE_SIGN_STYLE = Automatic;
				CURRENT_PROJECT_VERSION = 1;
				DEVELOPMENT_TEAM = 929RS5BE59;
				GENERATE_INFOPLIST_FILE = YES;
				INFOPLIST_FILE = OpenUIWidgets/Info.plist;
				INFOPLIST_KEY_CFBundleDisplayName = OpenUIWidget;
				INFOPLIST_KEY_NSHumanReadableCopyright = "";
				IPHONEOS_DEPLOYMENT_TARGET = 18.1;
				LD_RUNPATH_SEARCH_PATHS = (
					"$(inherited)",
					"@executable_path/Frameworks",
					"@executable_path/../../Frameworks",
				);
				MARKETING_VERSION = 2.4;
				PRODUCT_BUNDLE_IDENTIFIER = com.chatfort.chatfort.OpenUIWidget;
				PRODUCT_NAME = "$(TARGET_NAME)";
				SKIP_INSTALL = YES;
				STRING_CATALOG_GENERATE_SYMBOLS = YES;
				SWIFT_APPROACHABLE_CONCURRENCY = YES;
				SWIFT_EMIT_LOC_STRINGS = YES;
				SWIFT_UPCOMING_FEATURE_MEMBER_IMPORT_VISIBILITY = YES;
				SWIFT_VERSION = 5.0;
				TARGETED_DEVICE_FAMILY = "1,2";
			};
			name = Debug;
		};
		3852C7262F71110900283682 /* Release */ = {
			isa = XCBuildConfiguration;
			buildSettings = {
				ASSETCATALOG_COMPILER_GLOBAL_ACCENT_COLOR_NAME = AccentColor;
				ASSETCATALOG_COMPILER_WIDGET_BACKGROUND_COLOR_NAME = WidgetBackground;
				CODE_SIGN_ENTITLEMENTS = OpenUIWidgets/OpenUIWidgets.entitlements;
				CODE_SIGN_STYLE = Automatic;
				CURRENT_PROJECT_VERSION = 1;
				DEVELOPMENT_TEAM = 929RS5BE59;
				GENERATE_INFOPLIST_FILE = YES;
				INFOPLIST_FILE = OpenUIWidgets/Info.plist;
				INFOPLIST_KEY_CFBundleDisplayName = OpenUIWidget;
				INFOPLIST_KEY_NSHumanReadableCopyright = "";
				IPHONEOS_DEPLOYMENT_TARGET = 18.1;
				LD_RUNPATH_SEARCH_PATHS = (
					"$(inherited)",
					"@executable_path/Frameworks",
					"@executable_path/../../Frameworks",
				);
				MARKETING_VERSION = 2.4;
				PRODUCT_BUNDLE_IDENTIFIER = com.chatfort.chatfort.OpenUIWidget;
				PRODUCT_NAME = "$(TARGET_NAME)";
				SKIP_INSTALL = YES;
				STRING_CATALOG_GENERATE_SYMBOLS = YES;
				SWIFT_APPROACHABLE_CONCURRENCY = YES;
				SWIFT_EMIT_LOC_STRINGS = YES;
				SWIFT_UPCOMING_FEATURE_MEMBER_IMPORT_VISIBILITY = YES;
				SWIFT_VERSION = 5.0;
				TARGETED_DEVICE_FAMILY = "1,2";
			};
			name = Release;
		};
		38EB668B2F39CE5C00AED774 /* Debug */ = {
			isa = XCBuildConfiguration;
			buildSettings = {
				ALWAYS_SEARCH_USER_PATHS = NO;
				ASSETCATALOG_COMPILER_GENERATE_SWIFT_ASSET_SYMBOL_EXTENSIONS = YES;
				CLANG_ANALYZER_LOCALIZABILITY_NONLOCALIZED = YES;
				CLANG_ANALYZER_NONNULL = YES;
				CLANG_ANALYZER_NUMBER_OBJECT_CONVERSION = YES_AGGRESSIVE;
				CLANG_CXX_LANGUAGE_STANDARD = "gnu++20";
				CLANG_ENABLE_MODULES = YES;
				CLANG_ENABLE_OBJC_ARC = YES;
				CLANG_ENABLE_OBJC_WEAK = YES;
				CLANG_WARN_BLOCK_CAPTURE_AUTORELEASING = YES;
				CLANG_WARN_BOOL_CONVERSION = YES;
				CLANG_WARN_COMMA = YES;
				CLANG_WARN_CONSTANT_CONVERSION = YES;
				CLANG_WARN_DEPRECATED_OBJC_IMPLEMENTATIONS = YES;
				CLANG_WARN_DIRECT_OBJC_ISA_USAGE = YES_ERROR;
				CLANG_WARN_DOCUMENTATION_COMMENTS = YES;
				CLANG_WARN_EMPTY_BODY = YES;
				CLANG_WARN_ENUM_CONVERSION = YES;
				CLANG_WARN_INFINITE_RECURSION = YES;
				CLANG_WARN_INT_CONVERSION = YES;
				CLANG_WARN_NON_LITERAL_NULL_CONVERSION = YES;
				CLANG_WARN_OBJC_IMPLICIT_RETAIN_SELF = YES;
				CLANG_WARN_OBJC_LITERAL_CONVERSION = YES;
				CLANG_WARN_OBJC_ROOT_CLASS = YES_ERROR;
				CLANG_WARN_QUOTED_INCLUDE_IN_FRAMEWORK_HEADER = YES;
				CLANG_WARN_RANGE_LOOP_ANALYSIS = YES;
				CLANG_WARN_STRICT_PROTOTYPES = YES;
				CLANG_WARN_SUSPICIOUS_MOVE = YES;
				CLANG_WARN_UNGUARDED_AVAILABILITY = YES_AGGRESSIVE;
				CLANG_WARN_UNREACHABLE_CODE = YES;
				CLANG_WARN__DUPLICATE_METHOD_MATCH = YES;
				COPY_PHASE_STRIP = NO;
				DEBUG_INFORMATION_FORMAT = dwarf;
				DEVELOPMENT_TEAM = 6ARX8PF3MT;
				ENABLE_STRICT_OBJC_MSGSEND = YES;
				ENABLE_TESTABILITY = YES;
				ENABLE_USER_SCRIPT_SANDBOXING = YES;
				GCC_C_LANGUAGE_STANDARD = gnu17;
				GCC_DYNAMIC_NO_PIC = NO;
				GCC_NO_COMMON_BLOCKS = YES;
				GCC_OPTIMIZATION_LEVEL = 0;
				GCC_PREPROCESSOR_DEFINITIONS = (
					"DEBUG=1",
					"$(inherited)",
				);
				GCC_WARN_64_TO_32_BIT_CONVERSION = YES;
				GCC_WARN_ABOUT_RETURN_TYPE = YES_ERROR;
				GCC_WARN_UNDECLARED_SELECTOR = YES;
				GCC_WARN_UNINITIALIZED_AUTOS = YES_AGGRESSIVE;
				GCC_WARN_UNUSED_FUNCTION = YES;
				GCC_WARN_UNUSED_VARIABLE = YES;
				IPHONEOS_DEPLOYMENT_TARGET = 26.2;
				LOCALIZATION_PREFERS_STRING_CATALOGS = YES;
				MTL_ENABLE_DEBUG_INFO = INCLUDE_SOURCE;
				MTL_FAST_MATH = YES;
				ONLY_ACTIVE_ARCH = YES;
				SDKROOT = iphoneos;
				STRING_CATALOG_GENERATE_SYMBOLS = YES;
				SWIFT_ACTIVE_COMPILATION_CONDITIONS = "DEBUG $(inherited)";
				SWIFT_OPTIMIZATION_LEVEL = "-Onone";
			};
			name = Debug;
		};
		38EB668C2F39CE5C00AED774 /* Release */ = {
			isa = XCBuildConfiguration;
			buildSettings = {
				ALWAYS_SEARCH_USER_PATHS = NO;
				ASSETCATALOG_COMPILER_GENERATE_SWIFT_ASSET_SYMBOL_EXTENSIONS = YES;
				CLANG_ANALYZER_LOCALIZABILITY_NONLOCALIZED = YES;
				CLANG_ANALYZER_NONNULL = YES;
				CLANG_ANALYZER_NUMBER_OBJECT_CONVERSION = YES_AGGRESSIVE;
				CLANG_CXX_LANGUAGE_STANDARD = "gnu++20";
				CLANG_ENABLE_MODULES = YES;
				CLANG_ENABLE_OBJC_ARC = YES;
				CLANG_ENABLE_OBJC_WEAK = YES;
				CLANG_WARN_BLOCK_CAPTURE_AUTORELEASING = YES;
				CLANG_WARN_BOOL_CONVERSION = YES;
				CLANG_WARN_COMMA = YES;
				CLANG_WARN_CONSTANT_CONVERSION = YES;
				CLANG_WARN_DEPRECATED_OBJC_IMPLEMENTATIONS = YES;
				CLANG_WARN_DIRECT_OBJC_ISA_USAGE = YES_ERROR;
				CLANG_WARN_DOCUMENTATION_COMMENTS = YES;
				CLANG_WARN_EMPTY_BODY = YES;
				CLANG_WARN_ENUM_CONVERSION = YES;
				CLANG_WARN_INFINITE_RECURSION = YES;
				CLANG_WARN_INT_CONVERSION = YES;
				CLANG_WARN_NON_LITERAL_NULL_CONVERSION = YES;
				CLANG_WARN_OBJC_IMPLICIT_RETAIN_SELF = YES;
				CLANG_WARN_OBJC_LITERAL_CONVERSION = YES;
				CLANG_WARN_OBJC_ROOT_CLASS = YES_ERROR;
				CLANG_WARN_QUOTED_INCLUDE_IN_FRAMEWORK_HEADER = YES;
				CLANG_WARN_RANGE_LOOP_ANALYSIS = YES;
				CLANG_WARN_STRICT_PROTOTYPES = YES;
				CLANG_WARN_SUSPICIOUS_MOVE = YES;
				CLANG_WARN_UNGUARDED_AVAILABILITY = YES_AGGRESSIVE;
				CLANG_WARN_UNREACHABLE_CODE = YES;
				CLANG_WARN__DUPLICATE_METHOD_MATCH = YES;
				COPY_PHASE_STRIP = NO;
				DEBUG_INFORMATION_FORMAT = "dwarf-with-dsym";
				DEVELOPMENT_TEAM = 6ARX8PF3MT;
				ENABLE_NS_ASSERTIONS = NO;
				ENABLE_STRICT_OBJC_MSGSEND = YES;
				ENABLE_USER_SCRIPT_SANDBOXING = YES;
				GCC_C_LANGUAGE_STANDARD = gnu17;
				GCC_NO_COMMON_BLOCKS = YES;
				GCC_WARN_64_TO_32_BIT_CONVERSION = YES;
				GCC_WARN_ABOUT_RETURN_TYPE = YES_ERROR;
				GCC_WARN_UNDECLARED_SELECTOR = YES;
				GCC_WARN_UNINITIALIZED_AUTOS = YES_AGGRESSIVE;
				GCC_WARN_UNUSED_FUNCTION = YES;
				GCC_WARN_UNUSED_VARIABLE = YES;
				IPHONEOS_DEPLOYMENT_TARGET = 26.2;
				LOCALIZATION_PREFERS_STRING_CATALOGS = YES;
				MTL_ENABLE_DEBUG_INFO = NO;
				MTL_FAST_MATH = YES;
				SDKROOT = iphoneos;
				STRING_CATALOG_GENERATE_SYMBOLS = YES;
				SWIFT_COMPILATION_MODE = wholemodule;
				VALIDATE_PRODUCT = YES;
			};
			name = Release;
		};
		38EB668E2F39CE5C00AED774 /* Debug */ = {
			isa = XCBuildConfiguration;
			buildSettings = {
				ASSETCATALOG_COMPILER_APPICON_NAME = AppIcon;
				ASSETCATALOG_COMPILER_GLOBAL_ACCENT_COLOR_NAME = AccentColor;
				CODE_SIGN_ENTITLEMENTS = "Open UI/Open UI.entitlements";
				CODE_SIGN_STYLE = Automatic;
				CURRENT_PROJECT_VERSION = 1;
				DEVELOPMENT_TEAM = 929RS5BE59;
				ENABLE_PREVIEWS = YES;
				GENERATE_INFOPLIST_FILE = YES;
				INFOPLIST_FILE = "Open UI/Info.plist";
				INFOPLIST_KEY_CFBundleDisplayName = ChatFort;
				INFOPLIST_KEY_LSApplicationCategoryType = "public.app-category.productivity";
				INFOPLIST_KEY_LSSupportsOpeningDocumentsInPlace = YES;
				INFOPLIST_KEY_NSCameraUsageDescription = "ChatFort needs camera access to capture photos and documents for chat attachments.";
				INFOPLIST_KEY_NSFaceIDUsageDescription = "ChatFort uses Face ID to protect your account and conversations.";
				INFOPLIST_KEY_NSMicrophoneUsageDescription = "ChatFort needs microphone access for voice input and voice calls.";
				INFOPLIST_KEY_NSPhotoLibraryAddUsageDescription = "ChatFort needs permission to save images generated in conversations to your photo library.";
				INFOPLIST_KEY_NSPhotoLibraryUsageDescription = "ChatFort needs photo library access to attach images to your conversations.";
				INFOPLIST_KEY_NSSpeechRecognitionUsageDescription = "ChatFort uses speech recognition to convert your voice input to text.";
				INFOPLIST_KEY_UIApplicationSceneManifest_Generation = YES;
				INFOPLIST_KEY_UIApplicationSupportsIndirectInputEvents = YES;
				INFOPLIST_KEY_UILaunchScreen_Generation = YES;
				INFOPLIST_KEY_UISupportedInterfaceOrientations = "UIInterfaceOrientationLandscapeLeft UIInterfaceOrientationLandscapeRight UIInterfaceOrientationPortrait UIInterfaceOrientationPortraitUpsideDown";
				INFOPLIST_KEY_UISupportsDocumentBrowser = YES;
				IPHONEOS_DEPLOYMENT_TARGET = 18.1;
				LD_RUNPATH_SEARCH_PATHS = (
					"$(inherited)",
					"@executable_path/Frameworks",
				);
				MARKETING_VERSION = 2.4;
				PRODUCT_BUNDLE_IDENTIFIER = com.chatfort.chatfort;
				PRODUCT_NAME = "$(TARGET_NAME)";
				STRING_CATALOG_GENERATE_SYMBOLS = YES;
				SWIFT_APPROACHABLE_CONCURRENCY = YES;
				SWIFT_DEFAULT_ACTOR_ISOLATION = MainActor;
				SWIFT_EMIT_LOC_STRINGS = YES;
				SWIFT_UPCOMING_FEATURE_MEMBER_IMPORT_VISIBILITY = YES;
				SWIFT_VERSION = 5.0;
				TARGETED_DEVICE_FAMILY = "1,2";
			};
			name = Debug;
		};
		38EB668F2F39CE5C00AED774 /* Release */ = {
			isa = XCBuildConfiguration;
			buildSettings = {
				ASSETCATALOG_COMPILER_APPICON_NAME = AppIcon;
				ASSETCATALOG_COMPILER_GLOBAL_ACCENT_COLOR_NAME = AccentColor;
				CODE_SIGN_ENTITLEMENTS = "Open UI/Open UI.entitlements";
				CODE_SIGN_STYLE = Automatic;
				CURRENT_PROJECT_VERSION = 1;
				DEVELOPMENT_TEAM = 929RS5BE59;
				ENABLE_PREVIEWS = YES;
				GENERATE_INFOPLIST_FILE = YES;
				INFOPLIST_FILE = "Open UI/Info.plist";
				INFOPLIST_KEY_CFBundleDisplayName = ChatFort;
				INFOPLIST_KEY_LSApplicationCategoryType = "public.app-category.productivity";
				INFOPLIST_KEY_LSSupportsOpeningDocumentsInPlace = YES;
				INFOPLIST_KEY_NSCameraUsageDescription = "ChatFort needs camera access to capture photos and documents for chat attachments.";
				INFOPLIST_KEY_NSFaceIDUsageDescription = "ChatFort uses Face ID to protect your account and conversations.";
				INFOPLIST_KEY_NSMicrophoneUsageDescription = "ChatFort needs microphone access for voice input and voice calls.";
				INFOPLIST_KEY_NSPhotoLibraryAddUsageDescription = "ChatFort needs permission to save images generated in conversations to your photo library.";
				INFOPLIST_KEY_NSPhotoLibraryUsageDescription = "ChatFort needs photo library access to attach images to your conversations.";
				INFOPLIST_KEY_NSSpeechRecognitionUsageDescription = "ChatFort uses speech recognition to convert your voice input to text.";
				INFOPLIST_KEY_UIApplicationSceneManifest_Generation = YES;
				INFOPLIST_KEY_UIApplicationSupportsIndirectInputEvents = YES;
				INFOPLIST_KEY_UILaunchScreen_Generation = YES;
				INFOPLIST_KEY_UISupportedInterfaceOrientations = "UIInterfaceOrientationLandscapeLeft UIInterfaceOrientationLandscapeRight UIInterfaceOrientationPortrait UIInterfaceOrientationPortraitUpsideDown";
				INFOPLIST_KEY_UISupportsDocumentBrowser = YES;
				IPHONEOS_DEPLOYMENT_TARGET = 18.1;
				LD_RUNPATH_SEARCH_PATHS = (
					"$(inherited)",
					"@executable_path/Frameworks",
				);
				MARKETING_VERSION = 2.4;
				PRODUCT_BUNDLE_IDENTIFIER = com.chatfort.chatfort;
				PRODUCT_NAME = "$(TARGET_NAME)";
				STRING_CATALOG_GENERATE_SYMBOLS = YES;
				SWIFT_APPROACHABLE_CONCURRENCY = YES;
				SWIFT_DEFAULT_ACTOR_ISOLATION = MainActor;
				SWIFT_EMIT_LOC_STRINGS = YES;
				SWIFT_UPCOMING_FEATURE_MEMBER_IMPORT_VISIBILITY = YES;
				SWIFT_VERSION = 5.0;
				TARGETED_DEVICE_FAMILY = "1,2";
			};
			name = Release;
		};
/* End XCBuildConfiguration section */

/* Begin XCConfigurationList section */
		3852C7242F71110900283682 /* Build configuration list for PBXNativeTarget "OpenUIWidgetsExtension" */ = {
			isa = XCConfigurationList;
			buildConfigurations = (
				3852C7252F71110900283682 /* Debug */,
				3852C7262F71110900283682 /* Release */,
			);
			defaultConfigurationIsVisible = 0;
			defaultConfigurationName = Release;
		};
		38EB66782F39CE5A00AED774 /* Build configuration list for PBXProject "Open UI" */ = {
			isa = XCConfigurationList;
			buildConfigurations = (
				38EB668B2F39CE5C00AED774 /* Debug */,
				38EB668C2F39CE5C00AED774 /* Release */,
			);
			defaultConfigurationIsVisible = 0;
			defaultConfigurationName = Release;
		};
		38EB668D2F39CE5C00AED774 /* Build configuration list for PBXNativeTarget "Open UI" */ = {
			isa = XCConfigurationList;
			buildConfigurations = (
				38EB668E2F39CE5C00AED774 /* Debug */,
				38EB668F2F39CE5C00AED774 /* Release */,
			);
			defaultConfigurationIsVisible = 0;
			defaultConfigurationName = Release;
		};
/* End XCConfigurationList section */

/* Begin XCRemoteSwiftPackageReference section */
		384A12182F68D677005E1919 /* XCRemoteSwiftPackageReference "mlx-audio-swift" */ = {
			isa = XCRemoteSwiftPackageReference;
			repositoryURL = "https://github.com/Blaizzy/mlx-audio-swift.git";
			requirement = {
				branch = main;
				kind = branch;
			};
		};
		3852D4432F7A4C6800283682 /* XCRemoteSwiftPackageReference "MarkdownView" */ = {
			isa = XCRemoteSwiftPackageReference;
			repositoryURL = "https://github.com/Ichigo3766/MarkdownView";
			requirement = {
				branch = main;
				kind = branch;
			};
		};
		38AA00022FA9B00000MRMAID /* XCRemoteSwiftPackageReference "beautiful-mermaid-swift" */ = {
			isa = XCRemoteSwiftPackageReference;
			repositoryURL = "https://github.com/lukilabs/beautiful-mermaid-swift";
			requirement = {
				kind = upToNextMajorVersion;
				minimumVersion = 0.1.0;
			};
		};
		38AA00052FA9B00000SVGDRW /* XCRemoteSwiftPackageReference "SwiftDraw" */ = {
			isa = XCRemoteSwiftPackageReference;
			repositoryURL = "https://github.com/swhitty/SwiftDraw.git";
			requirement = {
				kind = upToNextMajorVersion;
				minimumVersion = 0.18.0;
			};
		};
/* End XCRemoteSwiftPackageReference section */

/* Begin XCSwiftPackageProductDependency section */
		380186262F6F1E22007FCD96 /* MarkdownParser */ = {
			isa = XCSwiftPackageProductDependency;
			productName = MarkdownParser;
		};
		380186282F6F1E22007FCD96 /* MarkdownView */ = {
			isa = XCSwiftPackageProductDependency;
			productName = MarkdownView;
		};
		384A11FD2F68A9B9005E1919 /* MarkdownParser */ = {
			isa = XCSwiftPackageProductDependency;
			productName = MarkdownParser;
		};
		384A11FF2F68A9B9005E1919 /* MarkdownView */ = {
			isa = XCSwiftPackageProductDependency;
			productName = MarkdownView;
		};
		384A12192F68D677005E1919 /* MLXAudioCodecs */ = {
			isa = XCSwiftPackageProductDependency;
			package = 384A12182F68D677005E1919 /* XCRemoteSwiftPackageReference "mlx-audio-swift" */;
			productName = MLXAudioCodecs;
		};
		384A121B2F68D677005E1919 /* MLXAudioCore */ = {
			isa = XCSwiftPackageProductDependency;
			package = 384A12182F68D677005E1919 /* XCRemoteSwiftPackageReference "mlx-audio-swift" */;
			productName = MLXAudioCore;
		};
		384A121D2F68D677005E1919 /* MLXAudioSTT */ = {
			isa = XCSwiftPackageProductDependency;
			package = 384A12182F68D677005E1919 /* XCRemoteSwiftPackageReference "mlx-audio-swift" */;
			productName = MLXAudioSTT;
		};
		384A121F2F68D677005E1919 /* MLXAudioTTS */ = {
			isa = XCSwiftPackageProductDependency;
			package = 384A12182F68D677005E1919 /* XCRemoteSwiftPackageReference "mlx-audio-swift" */;
			productName = MLXAudioTTS;
		};
		3852D43F2F7A495A00283682 /* MarkdownParser */ = {
			isa = XCSwiftPackageProductDependency;
			productName = MarkdownParser;
		};
		3852D4412F7A495A00283682 /* MarkdownView */ = {
			isa = XCSwiftPackageProductDependency;
			productName = MarkdownView;
		};
		3852D4442F7A4C6900283682 /* MarkdownParser */ = {
			isa = XCSwiftPackageProductDependency;
			package = 3852D4432F7A4C6800283682 /* XCRemoteSwiftPackageReference "MarkdownView" */;
			productName = MarkdownParser;
		};
		3852D4462F7A4C6900283682 /* MarkdownView */ = {
			isa = XCSwiftPackageProductDependency;
			package = 3852D4432F7A4C6800283682 /* XCRemoteSwiftPackageReference "MarkdownView" */;
			productName = MarkdownView;
		};
		385E9BC32F6FAB4900A57A28 /* MarkdownParser */ = {
			isa = XCSwiftPackageProductDependency;
			productName = MarkdownParser;
		};
		385E9BC52F6FAB4900A57A28 /* MarkdownView */ = {
			isa = XCSwiftPackageProductDependency;
			productName = MarkdownView;
		};
		3870D18A2F5C0732004FF9ED /* MarkdownParser */ = {
			isa = XCSwiftPackageProductDependency;
			productName = MarkdownParser;
		};
		3870D18C2F5C0732004FF9ED /* MarkdownView */ = {
			isa = XCSwiftPackageProductDependency;
			productName = MarkdownView;
		};
		38868C292F5A527000FA123F /* MarkdownParser */ = {
			isa = XCSwiftPackageProductDependency;
			productName = MarkdownParser;
		};
		38868C2B2F5A527000FA123F /* MarkdownView */ = {
			isa = XCSwiftPackageProductDependency;
			productName = MarkdownView;
		};
		38868C332F5A66F300FA123F /* MarkdownParser */ = {
			isa = XCSwiftPackageProductDependency;
			productName = MarkdownParser;
		};
		38868C352F5A66F300FA123F /* MarkdownView */ = {
			isa = XCSwiftPackageProductDependency;
			productName = MarkdownView;
		};
		38AA00002FA9B00000MRMAID /* BeautifulMermaid */ = {
			isa = XCSwiftPackageProductDependency;
			package = 38AA00022FA9B00000MRMAID /* XCRemoteSwiftPackageReference "beautiful-mermaid-swift" */;
			productName = BeautifulMermaid;
		};
		38AA00032FA9B00000SVGDRW /* SwiftDraw */ = {
			isa = XCSwiftPackageProductDependency;
			package = 38AA00052FA9B00000SVGDRW /* XCRemoteSwiftPackageReference "SwiftDraw" */;
			productName = SwiftDraw;
		};
		38C0AC0D2F5A12CF0084BC6C /* MarkdownParser */ = {
			isa = XCSwiftPackageProductDependency;
			productName = MarkdownParser;
		};
		38C0AC0F2F5A12CF0084BC6C /* MarkdownView */ = {
			isa = XCSwiftPackageProductDependency;
			productName = MarkdownView;
		};
/* End XCSwiftPackageProductDependency section */
	};
	rootObject = 38EB66752F39CE5A00AED774 /* Project object */;
}
